
Microsoft Visual Studio Solution File, Format Version 12.00
# Visual Studio Version 17
VisualStudioVersion = 17.6.33723.286
MinimumVisualStudioVersion = 10.0.40219.1
Project("{8BC9CEB8-8B4A-11D0-8D11-00A0C91BC942}") = "CIS7_Project", "CIS7_Project\CIS7_Project.vcxproj", "{0428673E-0725-4637-90E7-C47BB6F06250}"
EndProject
Global
	GlobalSection(SolutionConfigurationPlatforms) = preSolution
		Debug|x64 = Debug|x64
		Debug|x86 = Debug|x86
		Release|x64 = Release|x64
		Release|x86 = Release|x86
	EndGlobalSection
	GlobalSection(ProjectConfigurationPlatforms) = postSolution
		{0428673E-0725-4637-90E7-C47BB6F06250}.Debug|x64.ActiveCfg = Debug|x64
		{0428673E-0725-4637-90E7-C47BB6F06250}.Debug|x64.Build.0 = Debug|x64
		{0428673E-0725-4637-90E7-C47BB6F06250}.Debug|x86.ActiveCfg = Debug|Win32
		{0428673E-0725-4637-90E7-C47BB6F06250}.Debug|x86.Build.0 = Debug|Win32
		{0428673E-0725-4637-90E7-C47BB6F06250}.Release|x64.ActiveCfg = Release|x64
		{0428673E-0725-4637-90E7-C47BB6F06250}.Release|x64.Build.0 = Release|x64
		{0428673E-0725-4637-90E7-C47BB6F06250}.Release|x86.ActiveCfg = Release|Win32
		{0428673E-0725-4637-90E7-C47BB6F06250}.Release|x86.Build.0 = Release|Win32
	EndGlobalSection
	GlobalSection(SolutionProperties) = preSolution
		HideSolutionNode = FALSE
	EndGlobalSection
	GlobalSection(ExtensibilityGlobals) = postSolution
		SolutionGuid = {59F15350-0C9C-4F37-8482-1B41E0A81934}
	EndGlobalSection
EndGlobal
